{"is_source_file": false, "format": "", "description": "", "external_files": [], "external_methods": [], "published": [], "classes": [], "methods": [], "calls": [], "search-terms": [], "state": 2, "file_id": 1, "knowledge_revision": 7, "git_revision": "", "hash": "b7eea264a73aebd06432ef6588eb3d52", "format-version": 4, "code-base-name": "frontend_mobile_app", "filename": "post_process_status.lock", "revision_history": [{"7": ""}]}